
Microsoft Visual Studio Solution File, Format Version 12.00
# Visual Studio Version 16
VisualStudioVersion = 16.0.30128.74
MinimumVisualStudioVersion = 10.0.40219.1
Project("{FAE04EC0-301F-11D3-BF4B-00C04F79EFBC}") = "GetThatLook", "GetThatLook.csproj", "{CDA1AF84-AD0C-4D0D-A806-6C13EC014F88}"
EndProject
Global
	GlobalSection(SolutionConfigurationPlatforms) = preSolution
		Debug|Any CPU = Debug|Any CPU
		Release|Any CPU = Release|Any CPU
	EndGlobalSection
	GlobalSection(ProjectConfigurationPlatforms) = postSolution
		{CDA1AF84-AD0C-4D0D-A806-6C13EC014F88}.Debug|Any CPU.ActiveCfg = Debug|Any CPU
		{CDA1AF84-AD0C-4D0D-A806-6C13EC014F88}.Debug|Any CPU.Build.0 = Debug|Any CPU
		{CDA1AF84-AD0C-4D0D-A806-6C13EC014F88}.Release|Any CPU.ActiveCfg = Release|Any CPU
		{CDA1AF84-AD0C-4D0D-A806-6C13EC014F88}.Release|Any CPU.Build.0 = Release|Any CPU
	EndGlobalSection
	GlobalSection(SolutionProperties) = preSolution
		HideSolutionNode = FALSE
	EndGlobalSection
	GlobalSection(ExtensibilityGlobals) = postSolution
		SolutionGuid = {5B9509A7-68E0-4D06-9BB0-679473C93865}
	EndGlobalSection
EndGlobal
